// !$*UTF8*$!
{
	archiveVersion = 1;
	classes = {
	};
	objectVersion = 56;
	objects = {

/* Begin PBXBuildFile section */
		6340D5F5290940F400F3C83F /* MathParser in Frameworks */ = {isa = PBXBuildFile; productRef = 6340D5F4290940F400F3C83F /* MathParser */; };
		63E2543829083E3B0057696C /* AppDelegate.swift in Sources */ = {isa = PBXBuildFile; fileRef = 63E2543729083E3B0057696C /* AppDelegate.swift */; };
		63E2543A29083E3B0057696C /* SceneDelegate.swift in Sources */ = {isa = PBXBuildFile; fileRef = 63E2543929083E3B0057696C /* SceneDelegate.swift */; };
		63E2543C29083E3B0057696C /* ViewController.swift in Sources */ = {isa = PBXBuildFile; fileRef = 63E2543B29083E3B0057696C /* ViewController.swift */; };
		63E2544129083E3C0057696C /* Assets.xcassets in Resources */ = {isa = PBXBuildFile; fileRef = 63E2544029083E3C0057696C /* Assets.xcassets */; };
		63E2544429083E3C0057696C /* LaunchScreen.storyboard in Resources */ = {isa = PBXBuildFile; fileRef = 63E2544229083E3C0057696C /* LaunchScreen.storyboard */; };
		63E2544F29083E3C0057696C /* MyCalculatorTests.swift in Sources */ = {isa = PBXBuildFile; fileRef = 63E2544E29083E3C0057696C /* MyCalculatorTests.swift */; };
		63E2545929083E3C0057696C /* MyCalculatorUITests.swift in Sources */ = {isa = PBXBuildFile; fileRef = 63E2545829083E3C0057696C /* MyCalculatorUITests.swift */; };
		63E2545B29083E3C0057696C /* MyCalculatorUITestsLaunchTests.swift in Sources */ = {isa = PBXBuildFile; fileRef = 63E2545A29083E3C0057696C /* MyCalculatorUITestsLaunchTests.swift */; };
		63E25468290858C10057696C /* View.swift in Sources */ = {isa = PBXBuildFile; fileRef = 63E25467290858C10057696C /* View.swift */; };
/* End PBXBuildFile section */

/* Begin PBXContainerItemProxy section */
		63E2544B29083E3C0057696C /* PBXContainerItemProxy */ = {
			isa = PBXContainerItemProxy;
			containerPortal = 63E2542C29083E3B0057696C /* Project object */;
			proxyType = 1;
			remoteGlobalIDString = 63E2543329083E3B0057696C;
			remoteInfo = MyCalculator;
		};
		63E2545529083E3C0057696C /* PBXContainerItemProxy */ = {
			isa = PBXContainerItemProxy;
			containerPortal = 63E2542C29083E3B0057696C /* Project object */;
			proxyType = 1;
			remoteGlobalIDString = 63E2543329083E3B0057696C;
			remoteInfo = MyCalculator;
		};
/* End PBXContainerItemProxy section */

/* Begin PBXFileReference section */
		63E2543429083E3B0057696C /* MyCalculator.app */ = {isa = PBXFileReference; explicitFileType = wrapper.application; includeInIndex = 0; path = MyCalculator.app; sourceTree = BUILT_PRODUCTS_DIR; };
		63E2543729083E3B0057696C /* AppDelegate.swift */ = {isa = PBXFileReference; lastKnownFileType = sourcecode.swift; path = AppDelegate.swift; sourceTree = "<group>"; };
		63E2543929083E3B0057696C /* SceneDelegate.swift */ = {isa = PBXFileReference; lastKnownFileType = sourcecode.swift; path = SceneDelegate.swift; sourceTree = "<group>"; };
		63E2543B29083E3B0057696C /* ViewController.swift */ = {isa = PBXFileReference; lastKnownFileType = sourcecode.swift; path = ViewController.swift; sourceTree = "<group>"; };
		63E2544029083E3C0057696C /* Assets.xcassets */ = {isa = PBXFileReference; lastKnownFileType = folder.assetcatalog; path = Assets.xcassets; sourceTree = "<group>"; };
		63E2544329083E3C0057696C /* Base */ = {isa = PBXFileReference; lastKnownFileType = file.storyboard; name = Base; path = Base.lproj/LaunchScreen.storyboard; sourceTree = "<group>"; };
		63E2544529083E3C0057696C /* Info.plist */ = {isa = PBXFileReference; lastKnownFileType = text.plist.xml; path = Info.plist; sourceTree = "<group>"; };
		63E2544A29083E3C0057696C /* MyCalculatorTests.xctest */ = {isa = PBXFileReference; explicitFileType = wrapper.cfbundle; includeInIndex = 0; path = MyCalculatorTests.xctest; sourceTree = BUILT_PRODUCTS_DIR; };
		63E2544E29083E3C0057696C /* MyCalculatorTests.swift */ = {isa = PBXFileReference; lastKnownFileType = sourcecode.swift; path = MyCalculatorTests.swift; sourceTree = "<group>"; };
		63E2545429083E3C0057696C /* MyCalculatorUITests.xctest */ = {isa = PBXFileReference; explicitFileType = wrapper.cfbundle; includeInIndex = 0; path = MyCalculatorUITests.xctest; sourceTree = BUILT_PRODUCTS_DIR; };
		63E2545829083E3C0057696C /* MyCalculatorUITests.swift */ = {isa = PBXFileReference; lastKnownFileType = sourcecode.swift; path = MyCalculatorUITests.swift; sourceTree = "<group>"; };
		63E2545A29083E3C0057696C /* MyCalculatorUITestsLaunchTests.swift */ = {isa = PBXFileReference; lastKnownFileType = sourcecode.swift; path = MyCalculatorUITestsLaunchTests.swift; sourceTree = "<group>"; };
		63E25467290858C10057696C /* View.swift */ = {isa = PBXFileReference; lastKnownFileType = sourcecode.swift; path = View.swift; sourceTree = "<group>"; };
/* End PBXFileReference section */

/* Begin PBXFrameworksBuildPhase section */
		63E2543129083E3B0057696C /* Frameworks */ = {
			isa = PBXFrameworksBuildPhase;
			buildActionMask = 2147483647;
			files = (
				6340D5F5290940F400F3C83F /* MathParser in Frameworks */,
			);
			runOnlyForDeploymentPostprocessing = 0;
		};
		63E2544729083E3C0057696C /* Frameworks */ = {
			isa = PBXFrameworksBuildPhase;
			buildActionMask = 2147483647;
			files = (
			);
			runOnlyForDeploymentPostprocessing = 0;
		};
		63E2545129083E3C0057696C /* Frameworks */ = {
			isa = PBXFrameworksBuildPhase;
			buildActionMask = 2147483647;
			files = (
			);
			runOnlyForDeploymentPostprocessing = 0;
		};
/* End PBXFrameworksBuildPhase section */

/* Begin PBXGroup section */
		634226B029096D0C00356089 /* Source */ = {
			isa = PBXGroup;
			children = (
				63E2543729083E3B0057696C /* AppDelegate.swift */,
				63E2543929083E3B0057696C /* SceneDelegate.swift */,
			);
			path = Source;
			sourceTree = "<group>";
		};
		634226B129096D2500356089 /* OnlyScreen */ = {
			isa = PBXGroup;
			children = (
				63E25467290858C10057696C /* View.swift */,
				63E2543B29083E3B0057696C /* ViewController.swift */,
			);
			path = OnlyScreen;
			sourceTree = "<group>";
		};
		63E2542B29083E3B0057696C = {
			isa = PBXGroup;
			children = (
				63E2543629083E3B0057696C /* MyCalculator */,
				63E2544D29083E3C0057696C /* MyCalculatorTests */,
				63E2545729083E3C0057696C /* MyCalculatorUITests */,
				63E2543529083E3B0057696C /* Products */,
			);
			sourceTree = "<group>";
		};
		63E2543529083E3B0057696C /* Products */ = {
			isa = PBXGroup;
			children = (
				63E2543429083E3B0057696C /* MyCalculator.app */,
				63E2544A29083E3C0057696C /* MyCalculatorTests.xctest */,
				63E2545429083E3C0057696C /* MyCalculatorUITests.xctest */,
			);
			name = Products;
			sourceTree = "<group>";
		};
		63E2543629083E3B0057696C /* MyCalculator */ = {
			isa = PBXGroup;
			children = (
				634226B029096D0C00356089 /* Source */,
				634226B129096D2500356089 /* OnlyScreen */,
				63E2544029083E3C0057696C /* Assets.xcassets */,
				63E2544229083E3C0057696C /* LaunchScreen.storyboard */,
				63E2544529083E3C0057696C /* Info.plist */,
			);
			path = MyCalculator;
			sourceTree = "<group>";
		};
		63E2544D29083E3C0057696C /* MyCalculatorTests */ = {
			isa = PBXGroup;
			children = (
				63E2544E29083E3C0057696C /* MyCalculatorTests.swift */,
			);
			path = MyCalculatorTests;
			sourceTree = "<group>";
		};
		63E2545729083E3C0057696C /* MyCalculatorUITests */ = {
			isa = PBXGroup;
			children = (
				63E2545829083E3C0057696C /* MyCalculatorUITests.swift */,
				63E2545A29083E3C0057696C /* MyCalculatorUITestsLaunchTests.swift */,
			);
			path = MyCalculatorUITests;
			sourceTree = "<group>";
		};
/* End PBXGroup section */

/* Begin PBXNativeTarget section */
		63E2543329083E3B0057696C /* MyCalculator */ = {
			isa = PBXNativeTarget;
			buildConfigurationList = 63E2545E29083E3C0057696C /* Build configuration list for PBXNativeTarget "MyCalculator" */;
			buildPhases = (
				63E2543029083E3B0057696C /* Sources */,
				63E2543129083E3B0057696C /* Frameworks */,
				63E2543229083E3B0057696C /* Resources */,
			);
			buildRules = (
			);
			dependencies = (
			);
			name = MyCalculator;
			packageProductDependencies = (
				6340D5F4290940F400F3C83F /* MathParser */,
			);
			productName = MyCalculator;
			productReference = 63E2543429083E3B0057696C /* MyCalculator.app */;
			productType = "com.apple.product-type.application";
		};
		63E2544929083E3C0057696C /* MyCalculatorTests */ = {
			isa = PBXNativeTarget;
			buildConfigurationList = 63E2546129083E3C0057696C /* Build configuration list for PBXNativeTarget "MyCalculatorTests" */;
			buildPhases = (
				63E2544629083E3C0057696C /* Sources */,
				63E2544729083E3C0057696C /* Frameworks */,
				63E2544829083E3C0057696C /* Resources */,
			);
			buildRules = (
			);
			dependencies = (
				63E2544C29083E3C0057696C /* PBXTargetDependency */,
			);
			name = MyCalculatorTests;
			productName = MyCalculatorTests;
			productReference = 63E2544A29083E3C0057696C /* MyCalculatorTests.xctest */;
			productType = "com.apple.product-type.bundle.unit-test";
		};
		63E2545329083E3C0057696C /* MyCalculatorUITests */ = {
			isa = PBXNativeTarget;
			buildConfigurationList = 63E2546429083E3C0057696C /* Build configuration list for PBXNativeTarget "MyCalculatorUITests" */;
			buildPhases = (
				63E2545029083E3C0057696C /* Sources */,
				63E2545129083E3C0057696C /* Frameworks */,
				63E2545229083E3C0057696C /* Resources */,
			);
			buildRules = (
			);
			dependencies = (
				63E2545629083E3C0057696C /* PBXTargetDependency */,
			);
			name = MyCalculatorUITests;
			productName = MyCalculatorUITests;
			productReference = 63E2545429083E3C0057696C /* MyCalculatorUITests.xctest */;
			productType = "com.apple.product-type.bundle.ui-testing";
		};
/* End PBXNativeTarget section */

/* Begin PBXProject section */
		63E2542C29083E3B0057696C /* Project object */ = {
			isa = PBXProject;
			attributes = {
				BuildIndependentTargetsInParallel = 1;
				LastSwiftUpdateCheck = 1400;
				LastUpgradeCheck = 1400;
				TargetAttributes = {
					63E2543329083E3B0057696C = {
						CreatedOnToolsVersion = 14.0.1;
					};
					63E2544929083E3C0057696C = {
						CreatedOnToolsVersion = 14.0.1;
						TestTargetID = 63E2543329083E3B0057696C;
					};
					63E2545329083E3C0057696C = {
						CreatedOnToolsVersion = 14.0.1;
						TestTargetID = 63E2543329083E3B0057696C;
					};
				};
			};
			buildConfigurationList = 63E2542F29083E3B0057696C /* Build configuration list for PBXProject "MyCalculator" */;
			compatibilityVersion = "Xcode 14.0";
			developmentRegion = en;
			hasScannedForEncodings = 0;
			knownRegions = (
				en,
				Base,
			);
			mainGroup = 63E2542B29083E3B0057696C;
			packageReferences = (
				6340D5F3290940F400F3C83F /* XCRemoteSwiftPackageReference "DDMathParser" */,
			);
			productRefGroup = 63E2543529083E3B0057696C /* Products */;
			projectDirPath = "";
			projectRoot = "";
			targets = (
				63E2543329083E3B0057696C /* MyCalculator */,
				63E2544929083E3C0057696C /* MyCalculatorTests */,
				63E2545329083E3C0057696C /* MyCalculatorUITests */,
			);
		};
/* End PBXProject section */

/* Begin PBXResourcesBuildPhase section */
		63E2543229083E3B0057696C /* Resources */ = {
			isa = PBXResourcesBuildPhase;
			buildActionMask = 2147483647;
			files = (
				63E2544429083E3C0057696C /* LaunchScreen.storyboard in Resources */,
				63E2544129083E3C0057696C /* Assets.xcassets in Resources */,
			);
			runOnlyForDeploymentPostprocessing = 0;
		};
		63E2544829083E3C0057696C /* Resources */ = {
			isa = PBXResourcesBuildPhase;
			buildActionMask = 2147483647;
			files = (
			);
			runOnlyForDeploymentPostprocessing = 0;
		};
		63E2545229083E3C0057696C /* Resources */ = {
			isa = PBXResourcesBuildPhase;
			buildActionMask = 2147483647;
			files = (
			);
			runOnlyForDeploymentPostprocessing = 0;
		};
/* End PBXResourcesBuildPhase section */

/* Begin PBXSourcesBuildPhase section */
		63E2543029083E3B0057696C /* Sources */ = {
			isa = PBXSourcesBuildPhase;
			buildActionMask = 2147483647;
			files = (
				63E2543C29083E3B0057696C /* ViewController.swift in Sources */,
				63E25468290858C10057696C /* View.swift in Sources */,
				63E2543829083E3B0057696C /* AppDelegate.swift in Sources */,
				63E2543A29083E3B0057696C /* SceneDelegate.swift in Sources */,
			);
			runOnlyForDeploymentPostprocessing = 0;
		};
		63E2544629083E3C0057696C /* Sources */ = {
			isa = PBXSourcesBuildPhase;
			buildActionMask = 2147483647;
			files = (
				63E2544F29083E3C0057696C /* MyCalculatorTests.swift in Sources */,
			);
			runOnlyForDeploymentPostprocessing = 0;
		};
		63E2545029083E3C0057696C /* Sources */ = {
			isa = PBXSourcesBuildPhase;
			buildActionMask = 2147483647;
			files = (
				63E2545B29083E3C0057696C /* MyCalculatorUITestsLaunchTests.swift in Sources */,
				63E2545929083E3C0057696C /* MyCalculatorUITests.swift in Sources */,
			);
			runOnlyForDeploymentPostprocessing = 0;
		};
/* End PBXSourcesBuildPhase section */

/* Begin PBXTargetDependency section */
		63E2544C29083E3C0057696C /* PBXTargetDependency */ = {
			isa = PBXTargetDependency;
			target = 63E2543329083E3B0057696C /* MyCalculator */;
			targetProxy = 63E2544B29083E3C0057696C /* PBXContainerItemProxy */;
		};
		63E2545629083E3C0057696C /* PBXTargetDependency */ = {
			isa = PBXTargetDependency;
			target = 63E2543329083E3B0057696C /* MyCalculator */;
			targetProxy = 63E2545529083E3C0057696C /* PBXContainerItemProxy */;
		};
/* End PBXTargetDependency section */

/* Begin PBXVariantGroup section */
		63E2544229083E3C0057696C /* LaunchScreen.storyboard */ = {
			isa = PBXVariantGroup;
			children = (
				63E2544329083E3C0057696C /* Base */,
			);
			name = LaunchScreen.storyboard;
			sourceTree = "<group>";
		};
/* End PBXVariantGroup section */

/* Begin XCBuildConfiguration section */
		63E2545C29083E3C0057696C /* Debug */ = {
			isa = XCBuildConfiguration;
			buildSettings = {
				ALWAYS_SEARCH_USER_PATHS = NO;
				CLANG_ANALYZER_NONNULL = YES;
				CLANG_ANALYZER_NUMBER_OBJECT_CONVERSION = YES_AGGRESSIVE;
				CLANG_CXX_LANGUAGE_STANDARD = "gnu++20";
				CLANG_ENABLE_MODULES = YES;
				CLANG_ENABLE_OBJC_ARC = YES;
				CLANG_ENABLE_OBJC_WEAK = YES;
				CLANG_WARN_BLOCK_CAPTURE_AUTORELEASING = YES;
				CLANG_WARN_BOOL_CONVERSION = YES;
				CLANG_WARN_COMMA = YES;
				CLANG_WARN_CONSTANT_CONVERSION = YES;
				CLANG_WARN_DEPRECATED_OBJC_IMPLEMENTATIONS = YES;
				CLANG_WARN_DIRECT_OBJC_ISA_USAGE = YES_ERROR;
				CLANG_WARN_DOCUMENTATION_COMMENTS = YES;
				CLANG_WARN_EMPTY_BODY = YES;
				CLANG_WARN_ENUM_CONVERSION = YES;
				CLANG_WARN_INFINITE_RECURSION = YES;
				CLANG_WARN_INT_CONVERSION = YES;
				CLANG_WARN_NON_LITERAL_NULL_CONVERSION = YES;
				CLANG_WARN_OBJC_IMPLICIT_RETAIN_SELF = YES;
				CLANG_WARN_OBJC_LITERAL_CONVERSION = YES;
				CLANG_WARN_OBJC_ROOT_CLASS = YES_ERROR;
				CLANG_WARN_QUOTED_INCLUDE_IN_FRAMEWORK_HEADER = YES;
				CLANG_WARN_RANGE_LOOP_ANALYSIS = YES;
				CLANG_WARN_STRICT_PROTOTYPES = YES;
				CLANG_WARN_SUSPICIOUS_MOVE = YES;
				CLANG_WARN_UNGUARDED_AVAILABILITY = YES_AGGRESSIVE;
				CLANG_WARN_UNREACHABLE_CODE = YES;
				CLANG_WARN__DUPLICATE_METHOD_MATCH = YES;
				COPY_PHASE_STRIP = NO;
				DEBUG_INFORMATION_FORMAT = dwarf;
				ENABLE_STRICT_OBJC_MSGSEND = YES;
				ENABLE_TESTABILITY = YES;
				GCC_C_LANGUAGE_STANDARD = gnu11;
				GCC_DYNAMIC_NO_PIC = NO;
				GCC_NO_COMMON_BLOCKS = YES;
				GCC_OPTIMIZATION_LEVEL = 0;
				GCC_PREPROCESSOR_DEFINITIONS = (
					"DEBUG=1",
					"$(inherited)",
				);
				GCC_WARN_64_TO_32_BIT_CONVERSION = YES;
				GCC_WARN_ABOUT_RETURN_TYPE = YES_ERROR;
				GCC_WARN_UNDECLARED_SELECTOR = YES;
				GCC_WARN_UNINITIALIZED_AUTOS = YES_AGGRESSIVE;
				GCC_WARN_UNUSED_FUNCTION = YES;
				GCC_WARN_UNUSED_VARIABLE = YES;
				IPHONEOS_DEPLOYMENT_TARGET = 15.0;
				MTL_ENABLE_DEBUG_INFO = INCLUDE_SOURCE;
				MTL_FAST_MATH = YES;
				ONLY_ACTIVE_ARCH = YES;
				SDKROOT = iphoneos;
				SWIFT_ACTIVE_COMPILATION_CONDITIONS = DEBUG;
				SWIFT_OPTIMIZATION_LEVEL = "-Onone";
			};
			name = Debug;
		};
		63E2545D29083E3C0057696C /* Release */ = {
			isa = XCBuildConfiguration;
			buildSettings = {
				ALWAYS_SEARCH_USER_PATHS = NO;
				CLANG_ANALYZER_NONNULL = YES;
				CLANG_ANALYZER_NUMBER_OBJECT_CONVERSION = YES_AGGRESSIVE;
				CLANG_CXX_LANGUAGE_STANDARD = "gnu++20";
				CLANG_ENABLE_MODULES = YES;
				CLANG_ENABLE_OBJC_ARC = YES;
				CLANG_ENABLE_OBJC_WEAK = YES;
				CLANG_WARN_BLOCK_CAPTURE_AUTORELEASING = YES;
				CLANG_WARN_BOOL_CONVERSION = YES;
				CLANG_WARN_COMMA = YES;
				CLANG_WARN_CONSTANT_CONVERSION = YES;
				CLANG_WARN_DEPRECATED_OBJC_IMPLEMENTATIONS = YES;
				CLANG_WARN_DIRECT_OBJC_ISA_USAGE = YES_ERROR;
				CLANG_WARN_DOCUMENTATION_COMMENTS = YES;
				CLANG_WARN_EMPTY_BODY = YES;
				CLANG_WARN_ENUM_CONVERSION = YES;
				CLANG_WARN_INFINITE_RECURSION = YES;
				CLANG_WARN_INT_CONVERSION = YES;
				CLANG_WARN_NON_LITERAL_NULL_CONVERSION = YES;
				CLANG_WARN_OBJC_IMPLICIT_RETAIN_SELF = YES;
				CLANG_WARN_OBJC_LITERAL_CONVERSION = YES;
				CLANG_WARN_OBJC_ROOT_CLASS = YES_ERROR;
				CLANG_WARN_QUOTED_INCLUDE_IN_FRAMEWORK_HEADER = YES;
				CLANG_WARN_RANGE_LOOP_ANALYSIS = YES;
				CLANG_WARN_STRICT_PROTOTYPES = YES;
				CLANG_WARN_SUSPICIOUS_MOVE = YES;
				CLANG_WARN_UNGUARDED_AVAILABILITY = YES_AGGRESSIVE;
				CLANG_WARN_UNREACHABLE_CODE = YES;
				CLANG_WARN__DUPLICATE_METHOD_MATCH = YES;
				COPY_PHASE_STRIP = NO;
				DEBUG_INFORMATION_FORMAT = "dwarf-with-dsym";
				ENABLE_NS_ASSERTIONS = NO;
				ENABLE_STRICT_OBJC_MSGSEND = YES;
				GCC_C_LANGUAGE_STANDARD = gnu11;
				GCC_NO_COMMON_BLOCKS = YES;
				GCC_WARN_64_TO_32_BIT_CONVERSION = YES;
				GCC_WARN_ABOUT_RETURN_TYPE = YES_ERROR;
				GCC_WARN_UNDECLARED_SELECTOR = YES;
				GCC_WARN_UNINITIALIZED_AUTOS = YES_AGGRESSIVE;
				GCC_WARN_UNUSED_FUNCTION = YES;
				GCC_WARN_UNUSED_VARIABLE = YES;
				IPHONEOS_DEPLOYMENT_TARGET = 15.0;
				MTL_ENABLE_DEBUG_INFO = NO;
				MTL_FAST_MATH = YES;
				SDKROOT = iphoneos;
				SWIFT_COMPILATION_MODE = wholemodule;
				SWIFT_OPTIMIZATION_LEVEL = "-O";
				VALIDATE_PRODUCT = YES;
			};
			name = Release;
		};
		63E2545F29083E3C0057696C /* Debug */ = {
			isa = XCBuildConfiguration;
			buildSettings = {
				ASSETCATALOG_COMPILER_APPICON_NAME = AppIcon;
				ASSETCATALOG_COMPILER_GLOBAL_ACCENT_COLOR_NAME = AccentColor;
				CODE_SIGN_STYLE = Automatic;
				CURRENT_PROJECT_VERSION = 1;
				DEVELOPMENT_TEAM = DZKQDMND74;
				GENERATE_INFOPLIST_FILE = YES;
				INFOPLIST_FILE = MyCalculator/Info.plist;
				INFOPLIST_KEY_UIApplicationSupportsIndirectInputEvents = YES;
				INFOPLIST_KEY_UILaunchStoryboardName = LaunchScreen.storyboard;
				INFOPLIST_KEY_UISupportedInterfaceOrientations_iPad = "UIInterfaceOrientationPortrait UIInterfaceOrientationPortraitUpsideDown UIInterfaceOrientationLandscapeLeft UIInterfaceOrientationLandscapeRight";
				INFOPLIST_KEY_UISupportedInterfaceOrientations_iPhone = "UIInterfaceOrientationPortrait UIInterfaceOrientationLandscapeLeft UIInterfaceOrientationLandscapeRight";
				LD_RUNPATH_SEARCH_PATHS = (
					"$(inherited)",
					"@executable_path/Frameworks",
				);
				MARKETING_VERSION = 1.0;
				PRODUCT_BUNDLE_IDENTIFIER = com.keskin.MyCalculator;
				PRODUCT_NAME = "$(TARGET_NAME)";
				SWIFT_EMIT_LOC_STRINGS = YES;
				SWIFT_VERSION = 5.0;
				TARGETED_DEVICE_FAMILY = "1,2";
			};
			name = Debug;
		};
		63E2546029083E3C0057696C /* Release */ = {
			isa = XCBuildConfiguration;
			buildSettings = {
				ASSETCATALOG_COMPILER_APPICON_NAME = AppIcon;
				ASSETCATALOG_COMPILER_GLOBAL_ACCENT_COLOR_NAME = AccentColor;
				CODE_SIGN_STYLE = Automatic;
				CURRENT_PROJECT_VERSION = 1;
				DEVELOPMENT_TEAM = DZKQDMND74;
				GENERATE_INFOPLIST_FILE = YES;
				INFOPLIST_FILE = MyCalculator/Info.plist;
				INFOPLIST_KEY_UIApplicationSupportsIndirectInputEvents = YES;
				INFOPLIST_KEY_UILaunchStoryboardName = LaunchScreen.storyboard;
				INFOPLIST_KEY_UISupportedInterfaceOrientations_iPad = "UIInterfaceOrientationPortrait UIInterfaceOrientationPortraitUpsideDown UIInterfaceOrientationLandscapeLeft UIInterfaceOrientationLandscapeRight";
				INFOPLIST_KEY_UISupportedInterfaceOrientations_iPhone = "UIInterfaceOrientationPortrait UIInterfaceOrientationLandscapeLeft UIInterfaceOrientationLandscapeRight";
				LD_RUNPATH_SEARCH_PATHS = (
					"$(inherited)",
					"@executable_path/Frameworks",
				);
				MARKETING_VERSION = 1.0;
				PRODUCT_BUNDLE_IDENTIFIER = com.keskin.MyCalculator;
				PRODUCT_NAME = "$(TARGET_NAME)";
				SWIFT_EMIT_LOC_STRINGS = YES;
				SWIFT_VERSION = 5.0;
				TARGETED_DEVICE_FAMILY = "1,2";
			};
			name = Release;
		};
		63E2546229083E3C0057696C /* Debug */ = {
			isa = XCBuildConfiguration;
			buildSettings = {
				ALWAYS_EMBED_SWIFT_STANDARD_LIBRARIES = YES;
				BUNDLE_LOADER = "$(TEST_HOST)";
				CODE_SIGN_STYLE = Automatic;
				CURRENT_PROJECT_VERSION = 1;
				DEVELOPMENT_TEAM = DZKQDMND74;
				GENERATE_INFOPLIST_FILE = YES;
				IPHONEOS_DEPLOYMENT_TARGET = 16.0;
				MARKETING_VERSION = 1.0;
				PRODUCT_BUNDLE_IDENTIFIER = com.keskin.MyCalculatorTests;
				PRODUCT_NAME = "$(TARGET_NAME)";
				SWIFT_EMIT_LOC_STRINGS = NO;
				SWIFT_VERSION = 5.0;
				TARGETED_DEVICE_FAMILY = "1,2";
				TEST_HOST = "$(BUILT_PRODUCTS_DIR)/MyCalculator.app/$(BUNDLE_EXECUTABLE_FOLDER_PATH)/MyCalculator";
			};
			name = Debug;
		};
		63E2546329083E3C0057696C /* Release */ = {
			isa = XCBuildConfiguration;
			buildSettings = {
				ALWAYS_EMBED_SWIFT_STANDARD_LIBRARIES = YES;
				BUNDLE_LOADER = "$(TEST_HOST)";
				CODE_SIGN_STYLE = Automatic;
				CURRENT_PROJECT_VERSION = 1;
				DEVELOPMENT_TEAM = DZKQDMND74;
				GENERATE_INFOPLIST_FILE = YES;
				IPHONEOS_DEPLOYMENT_TARGET = 16.0;
				MARKETING_VERSION = 1.0;
				PRODUCT_BUNDLE_IDENTIFIER = com.keskin.MyCalculatorTests;
				PRODUCT_NAME = "$(TARGET_NAME)";
				SWIFT_EMIT_LOC_STRINGS = NO;
				SWIFT_VERSION = 5.0;
				TARGETED_DEVICE_FAMILY = "1,2";
				TEST_HOST = "$(BUILT_PRODUCTS_DIR)/MyCalculator.app/$(BUNDLE_EXECUTABLE_FOLDER_PATH)/MyCalculator";
			};
			name = Release;
		};
		63E2546529083E3C0057696C /* Debug */ = {
			isa = XCBuildConfiguration;
			buildSettings = {
				ALWAYS_EMBED_SWIFT_STANDARD_LIBRARIES = YES;
				CODE_SIGN_STYLE = Automatic;
				CURRENT_PROJECT_VERSION = 1;
				DEVELOPMENT_TEAM = DZKQDMND74;
				GENERATE_INFOPLIST_FILE = YES;
				MARKETING_VERSION = 1.0;
				PRODUCT_BUNDLE_IDENTIFIER = com.keskin.MyCalculatorUITests;
				PRODUCT_NAME = "$(TARGET_NAME)";
				SWIFT_EMIT_LOC_STRINGS = NO;
				SWIFT_VERSION = 5.0;
				TARGETED_DEVICE_FAMILY = "1,2";
				TEST_TARGET_NAME = MyCalculator;
			};
			name = Debug;
		};
		63E2546629083E3C0057696C /* Release */ = {
			isa = XCBuildConfiguration;
			buildSettings = {
				ALWAYS_EMBED_SWIFT_STANDARD_LIBRARIES = YES;
				CODE_SIGN_STYLE = Automatic;
				CURRENT_PROJECT_VERSION = 1;
				DEVELOPMENT_TEAM = DZKQDMND74;
				GENERATE_INFOPLIST_FILE = YES;
				MARKETING_VERSION = 1.0;
				PRODUCT_BUNDLE_IDENTIFIER = com.keskin.MyCalculatorUITests;
				PRODUCT_NAME = "$(TARGET_NAME)";
				SWIFT_EMIT_LOC_STRINGS = NO;
				SWIFT_VERSION = 5.0;
				TARGETED_DEVICE_FAMILY = "1,2";
				TEST_TARGET_NAME = MyCalculator;
			};
			name = Release;
		};
/* End XCBuildConfiguration section */

/* Begin XCConfigurationList section */
		63E2542F29083E3B0057696C /* Build configuration list for PBXProject "MyCalculator" */ = {
			isa = XCConfigurationList;
			buildConfigurations = (
				63E2545C29083E3C0057696C /* Debug */,
				63E2545D29083E3C0057696C /* Release */,
			);
			defaultConfigurationIsVisible = 0;
			defaultConfigurationName = Release;
		};
		63E2545E29083E3C0057696C /* Build configuration list for PBXNativeTarget "MyCalculator" */ = {
			isa = XCConfigurationList;
			buildConfigurations = (
				63E2545F29083E3C0057696C /* Debug */,
				63E2546029083E3C0057696C /* Release */,
			);
			defaultConfigurationIsVisible = 0;
			defaultConfigurationName = Release;
		};
		63E2546129083E3C0057696C /* Build configuration list for PBXNativeTarget "MyCalculatorTests" */ = {
			isa = XCConfigurationList;
			buildConfigurations = (
				63E2546229083E3C0057696C /* Debug */,
				63E2546329083E3C0057696C /* Release */,
			);
			defaultConfigurationIsVisible = 0;
			defaultConfigurationName = Release;
		};
		63E2546429083E3C0057696C /* Build configuration list for PBXNativeTarget "MyCalculatorUITests" */ = {
			isa = XCConfigurationList;
			buildConfigurations = (
				63E2546529083E3C0057696C /* Debug */,
				63E2546629083E3C0057696C /* Release */,
			);
			defaultConfigurationIsVisible = 0;
			defaultConfigurationName = Release;
		};
/* End XCConfigurationList section */

/* Begin XCRemoteSwiftPackageReference section */
		6340D5F3290940F400F3C83F /* XCRemoteSwiftPackageReference "DDMathParser" */ = {
			isa = XCRemoteSwiftPackageReference;
			repositoryURL = "https://github.com/davedelong/DDMathParser";
			requirement = {
				kind = upToNextMajorVersion;
				minimumVersion = 3.0.0;
			};
		};
/* End XCRemoteSwiftPackageReference section */

/* Begin XCSwiftPackageProductDependency section */
		6340D5F4290940F400F3C83F /* MathParser */ = {
			isa = XCSwiftPackageProductDependency;
			package = 6340D5F3290940F400F3C83F /* XCRemoteSwiftPackageReference "DDMathParser" */;
			productName = MathParser;
		};
/* End XCSwiftPackageProductDependency section */
	};
	rootObject = 63E2542C29083E3B0057696C /* Project object */;
}
